
Microsoft Visual Studio Solution File, Format Version 12.00
# Visual Studio Version 17
VisualStudioVersion = 17.3.32929.385
MinimumVisualStudioVersion = 10.0.40219.1
Project("{9A19103F-16F7-4668-BE54-9A1E7A4F7556}") = "AppPasar", "AppPasar\AppPasar.csproj", "{758B23DF-A408-4B78-B9D7-7D826765DA61}"
EndProject
Project("{FAE04EC0-301F-11D3-BF4B-00C04F79EFBC}") = "AppPasarAPi", "AppPasarAPi\AppPasarAPi.csproj", "{CE0E746F-7DF5-49EE-BB43-C4D58652869C}"
EndProject
Global
	GlobalSection(SolutionConfigurationPlatforms) = preSolution
		Debug|Any CPU = Debug|Any CPU
		Release|Any CPU = Release|Any CPU
	EndGlobalSection
	GlobalSection(ProjectConfigurationPlatforms) = postSolution
		{758B23DF-A408-4B78-B9D7-7D826765DA61}.Debug|Any CPU.ActiveCfg = Debug|Any CPU
		{758B23DF-A408-4B78-B9D7-7D826765DA61}.Debug|Any CPU.Build.0 = Debug|Any CPU
		{758B23DF-A408-4B78-B9D7-7D826765DA61}.Release|Any CPU.ActiveCfg = Release|Any CPU
		{758B23DF-A408-4B78-B9D7-7D826765DA61}.Release|Any CPU.Build.0 = Release|Any CPU
		{CE0E746F-7DF5-49EE-BB43-C4D58652869C}.Debug|Any CPU.ActiveCfg = Debug|Any CPU
		{CE0E746F-7DF5-49EE-BB43-C4D58652869C}.Debug|Any CPU.Build.0 = Debug|Any CPU
		{CE0E746F-7DF5-49EE-BB43-C4D58652869C}.Release|Any CPU.ActiveCfg = Release|Any CPU
		{CE0E746F-7DF5-49EE-BB43-C4D58652869C}.Release|Any CPU.Build.0 = Release|Any CPU
	EndGlobalSection
	GlobalSection(SolutionProperties) = preSolution
		HideSolutionNode = FALSE
	EndGlobalSection
	GlobalSection(ExtensibilityGlobals) = postSolution
		SolutionGuid = {F93B9235-C136-46C6-BB7E-3620A8046E7A}
	EndGlobalSection
EndGlobal
